// !$*UTF8*$!
{
	archiveVersion = 1;
	classes = {
	};
	objectVersion = 77;
	objects = {

/* Begin PBXBuildFile section */
		187A67546C87953005DD4B56 /* AppError.swift in Sources */ = {isa = PBXBuildFile; fileRef = 9BDA39C9761A60AF5E2FAB87 /* AppError.swift */; };
		1A13FC452C5D5FCBFFFD4CB8 /* FishCastApp.swift in Sources */ = {isa = PBXBuildFile; fileRef = 8B2F59FDFDE90C59A9573B16 /* FishCastApp.swift */; };
		22132C938614D23149C3B48D /* Weather.swift in Sources */ = {isa = PBXBuildFile; fileRef = 1BAFDB73222944331C9D3885 /* Weather.swift */; };
		22477A7F4C7B61D38457DF57 /* Buttons.swift in Sources */ = {isa = PBXBuildFile; fileRef = 0D3F0217F73606B54116AE38 /* Buttons.swift */; };
		2E8DF7D8E43D0FED3417D5E1 /* LogView.swift in Sources */ = {isa = PBXBuildFile; fileRef = A7FCAB574A986DFAC3608608 /* LogView.swift */; };
		42359E5EC06A5F55912D84B4 /* SettingsView.swift in Sources */ = {isa = PBXBuildFile; fileRef = F0718C65CA9701DA1D9F3FF3 /* SettingsView.swift */; };
		4EE6BAFFAC815E1EB8CFDC67 /* WeatherService.swift in Sources */ = {isa = PBXBuildFile; fileRef = C04F7A61F52E194B7AF4C59D /* WeatherService.swift */; };
		510096FF69C4ECD15C39F1AB /* BarometricService.swift in Sources */ = {isa = PBXBuildFile; fileRef = 164B180FA6CD606E22474262 /* BarometricService.swift */; };
		562D97BF47C6DDEF69964596 /* DashboardView.swift in Sources */ = {isa = PBXBuildFile; fileRef = F7AF5E3EE1665E6090B7E28D /* DashboardView.swift */; };
		6B4F61B1E3484D44C1C73019 /* DesignSystem.swift in Sources */ = {isa = PBXBuildFile; fileRef = 1E23419997B0CFEF5A03D7F5 /* DesignSystem.swift */; };
		78045E761503319FAA78432C /* PressureTrend.swift in Sources */ = {isa = PBXBuildFile; fileRef = 8C5A17F20CDB5D06695516F8 /* PressureTrend.swift */; };
		839AF3B071A65178CA70C85F /* LocationService.swift in Sources */ = {isa = PBXBuildFile; fileRef = B3B3AA055FA1105AEE52AB97 /* LocationService.swift */; };
		BBB89C8073F5DB156323ED79 /* FishCastCard.swift in Sources */ = {isa = PBXBuildFile; fileRef = 36549E691D8F41B18F842E48 /* FishCastCard.swift */; };
		BBDFDD30E69E59E7EF1B2B28 /* ContentView.swift in Sources */ = {isa = PBXBuildFile; fileRef = DC56D8A4B3A79F2229DC8C4A /* ContentView.swift */; };
		BC8CDB69E40E3E60CA0F6B0E /* ConditionChip.swift in Sources */ = {isa = PBXBuildFile; fileRef = 53E3AE7B533604629BB4697A /* ConditionChip.swift */; };
		C2AC6CD83837CEF250287296 /* LocationPermissionStatus.swift in Sources */ = {isa = PBXBuildFile; fileRef = 9A8B7AFE1D9812FAA009AD9B /* LocationPermissionStatus.swift */; };
		D094AB0C1F1127E13FB915AA /* ForecastView.swift in Sources */ = {isa = PBXBuildFile; fileRef = AE5B451CCAB2DA2197F71426 /* ForecastView.swift */; };
		D4F6AFCCD41A718F491EEC83 /* SectionHeader.swift in Sources */ = {isa = PBXBuildFile; fileRef = 8F92F87FBD85688F1923FB06 /* SectionHeader.swift */; };
		D54C7FE8E7F6569D0CFCC788 /* MapView.swift in Sources */ = {isa = PBXBuildFile; fileRef = B7F69BBB2F019ABB2B1682BF /* MapView.swift */; };
		E06512C35AE3181485C6CE7C /* ScoreRingView.swift in Sources */ = {isa = PBXBuildFile; fileRef = CEA6D2E40178FDA4E1EDB1E2 /* ScoreRingView.swift */; };
		ECAF2352F4B21A87D6D9E9D2 /* Assets.xcassets in Resources */ = {isa = PBXBuildFile; fileRef = 7AB0E8E73067C29CE7174F20 /* Assets.xcassets */; };
/* End PBXBuildFile section */

/* Begin PBXFileReference section */
		0D3F0217F73606B54116AE38 /* Buttons.swift */ = {isa = PBXFileReference; lastKnownFileType = sourcecode.swift; path = Buttons.swift; sourceTree = "<group>"; };
		164B180FA6CD606E22474262 /* BarometricService.swift */ = {isa = PBXFileReference; lastKnownFileType = sourcecode.swift; path = BarometricService.swift; sourceTree = "<group>"; };
		1BAFDB73222944331C9D3885 /* Weather.swift */ = {isa = PBXFileReference; lastKnownFileType = sourcecode.swift; path = Weather.swift; sourceTree = "<group>"; };
		1E23419997B0CFEF5A03D7F5 /* DesignSystem.swift */ = {isa = PBXFileReference; lastKnownFileType = sourcecode.swift; path = DesignSystem.swift; sourceTree = "<group>"; };
		245817CBF0FDABE7761B154C /* FishCast.app */ = {isa = PBXFileReference; includeInIndex = 0; lastKnownFileType = wrapper.application; path = FishCast.app; sourceTree = BUILT_PRODUCTS_DIR; };
		36549E691D8F41B18F842E48 /* FishCastCard.swift */ = {isa = PBXFileReference; lastKnownFileType = sourcecode.swift; path = FishCastCard.swift; sourceTree = "<group>"; };
		449E9CAEC63F4396F747F029 /* Info.plist */ = {isa = PBXFileReference; lastKnownFileType = text.plist; path = Info.plist; sourceTree = "<group>"; };
		53E3AE7B533604629BB4697A /* ConditionChip.swift */ = {isa = PBXFileReference; lastKnownFileType = sourcecode.swift; path = ConditionChip.swift; sourceTree = "<group>"; };
		7AB0E8E73067C29CE7174F20 /* Assets.xcassets */ = {isa = PBXFileReference; lastKnownFileType = folder.assetcatalog; path = Assets.xcassets; sourceTree = "<group>"; };
		8B2F59FDFDE90C59A9573B16 /* FishCastApp.swift */ = {isa = PBXFileReference; lastKnownFileType = sourcecode.swift; path = FishCastApp.swift; sourceTree = "<group>"; };
		8C5A17F20CDB5D06695516F8 /* PressureTrend.swift */ = {isa = PBXFileReference; lastKnownFileType = sourcecode.swift; path = PressureTrend.swift; sourceTree = "<group>"; };
		8F92F87FBD85688F1923FB06 /* SectionHeader.swift */ = {isa = PBXFileReference; lastKnownFileType = sourcecode.swift; path = SectionHeader.swift; sourceTree = "<group>"; };
		9A8B7AFE1D9812FAA009AD9B /* LocationPermissionStatus.swift */ = {isa = PBXFileReference; lastKnownFileType = sourcecode.swift; path = LocationPermissionStatus.swift; sourceTree = "<group>"; };
		9BDA39C9761A60AF5E2FAB87 /* AppError.swift */ = {isa = PBXFileReference; lastKnownFileType = sourcecode.swift; path = AppError.swift; sourceTree = "<group>"; };
		A7FCAB574A986DFAC3608608 /* LogView.swift */ = {isa = PBXFileReference; lastKnownFileType = sourcecode.swift; path = LogView.swift; sourceTree = "<group>"; };
		AE5B451CCAB2DA2197F71426 /* ForecastView.swift */ = {isa = PBXFileReference; lastKnownFileType = sourcecode.swift; path = ForecastView.swift; sourceTree = "<group>"; };
		B3B3AA055FA1105AEE52AB97 /* LocationService.swift */ = {isa = PBXFileReference; lastKnownFileType = sourcecode.swift; path = LocationService.swift; sourceTree = "<group>"; };
		B7F69BBB2F019ABB2B1682BF /* MapView.swift */ = {isa = PBXFileReference; lastKnownFileType = sourcecode.swift; path = MapView.swift; sourceTree = "<group>"; };
		C04F7A61F52E194B7AF4C59D /* WeatherService.swift */ = {isa = PBXFileReference; lastKnownFileType = sourcecode.swift; path = WeatherService.swift; sourceTree = "<group>"; };
		CEA6D2E40178FDA4E1EDB1E2 /* ScoreRingView.swift */ = {isa = PBXFileReference; lastKnownFileType = sourcecode.swift; path = ScoreRingView.swift; sourceTree = "<group>"; };
		DC56D8A4B3A79F2229DC8C4A /* ContentView.swift */ = {isa = PBXFileReference; lastKnownFileType = sourcecode.swift; path = ContentView.swift; sourceTree = "<group>"; };
		F0718C65CA9701DA1D9F3FF3 /* SettingsView.swift */ = {isa = PBXFileReference; lastKnownFileType = sourcecode.swift; path = SettingsView.swift; sourceTree = "<group>"; };
		F7AF5E3EE1665E6090B7E28D /* DashboardView.swift */ = {isa = PBXFileReference; lastKnownFileType = sourcecode.swift; path = DashboardView.swift; sourceTree = "<group>"; };
/* End PBXFileReference section */

/* Begin PBXGroup section */
		0E05D5BD16890970E4FF25A6 /* Components */ = {
			isa = PBXGroup;
			children = (
				0D3F0217F73606B54116AE38 /* Buttons.swift */,
				53E3AE7B533604629BB4697A /* ConditionChip.swift */,
				36549E691D8F41B18F842E48 /* FishCastCard.swift */,
				CEA6D2E40178FDA4E1EDB1E2 /* ScoreRingView.swift */,
				8F92F87FBD85688F1923FB06 /* SectionHeader.swift */,
			);
			path = Components;
			sourceTree = "<group>";
		};
		21A5A8F9061F776D20BBEA3C /* Products */ = {
			isa = PBXGroup;
			children = (
				245817CBF0FDABE7761B154C /* FishCast.app */,
			);
			name = Products;
			sourceTree = "<group>";
		};
		39A8058785878EF148D64A5F /* Services */ = {
			isa = PBXGroup;
			children = (
				164B180FA6CD606E22474262 /* BarometricService.swift */,
				B3B3AA055FA1105AEE52AB97 /* LocationService.swift */,
				C04F7A61F52E194B7AF4C59D /* WeatherService.swift */,
			);
			path = Services;
			sourceTree = "<group>";
		};
		3FC26201B57F5413AC9A99D2 /* Models */ = {
			isa = PBXGroup;
			children = (
				9BDA39C9761A60AF5E2FAB87 /* AppError.swift */,
				9A8B7AFE1D9812FAA009AD9B /* LocationPermissionStatus.swift */,
				8C5A17F20CDB5D06695516F8 /* PressureTrend.swift */,
				1BAFDB73222944331C9D3885 /* Weather.swift */,
			);
			path = Models;
			sourceTree = "<group>";
		};
		56CE6BF88B3C975536C0CB56 /* FishCast */ = {
			isa = PBXGroup;
			children = (
				7AB0E8E73067C29CE7174F20 /* Assets.xcassets */,
				DC56D8A4B3A79F2229DC8C4A /* ContentView.swift */,
				8B2F59FDFDE90C59A9573B16 /* FishCastApp.swift */,
				449E9CAEC63F4396F747F029 /* Info.plist */,
				3FC26201B57F5413AC9A99D2 /* Models */,
				39A8058785878EF148D64A5F /* Services */,
				69C92F55E371DAB691729AF2 /* Utilities */,
				6A9C0734A9B1129258A58DB8 /* Views */,
			);
			path = FishCast;
			sourceTree = "<group>";
		};
		69C92F55E371DAB691729AF2 /* Utilities */ = {
			isa = PBXGroup;
			children = (
				1E23419997B0CFEF5A03D7F5 /* DesignSystem.swift */,
			);
			path = Utilities;
			sourceTree = "<group>";
		};
		6A9C0734A9B1129258A58DB8 /* Views */ = {
			isa = PBXGroup;
			children = (
				F7AF5E3EE1665E6090B7E28D /* DashboardView.swift */,
				AE5B451CCAB2DA2197F71426 /* ForecastView.swift */,
				A7FCAB574A986DFAC3608608 /* LogView.swift */,
				B7F69BBB2F019ABB2B1682BF /* MapView.swift */,
				F0718C65CA9701DA1D9F3FF3 /* SettingsView.swift */,
				0E05D5BD16890970E4FF25A6 /* Components */,
			);
			path = Views;
			sourceTree = "<group>";
		};
		AF2CC496963EC7F38ED05F69 = {
			isa = PBXGroup;
			children = (
				56CE6BF88B3C975536C0CB56 /* FishCast */,
				21A5A8F9061F776D20BBEA3C /* Products */,
			);
			sourceTree = "<group>";
		};
/* End PBXGroup section */

/* Begin PBXNativeTarget section */
		9EFAD658491CE22729C69C68 /* FishCast */ = {
			isa = PBXNativeTarget;
			buildConfigurationList = E9973ECFC0F2FE4FDB5B4034 /* Build configuration list for PBXNativeTarget "FishCast" */;
			buildPhases = (
				C5F8DFB289D5619913370EE3 /* Sources */,
				47FB4E83159F2A1A1C337966 /* Resources */,
			);
			buildRules = (
			);
			dependencies = (
			);
			name = FishCast;
			packageProductDependencies = (
			);
			productName = FishCast;
			productReference = 245817CBF0FDABE7761B154C /* FishCast.app */;
			productType = "com.apple.product-type.application";
		};
/* End PBXNativeTarget section */

/* Begin PBXProject section */
		AAEEA4CAFA22CFE8CE92BE8B /* Project object */ = {
			isa = PBXProject;
			attributes = {
				BuildIndependentTargetsInParallel = YES;
				LastUpgradeCheck = 1500;
				TargetAttributes = {
					9EFAD658491CE22729C69C68 = {
						DevelopmentTeam = "";
						ProvisioningStyle = Automatic;
					};
				};
			};
			buildConfigurationList = 0D85CC4317BF91AF5B680DFF /* Build configuration list for PBXProject "FishCast" */;
			developmentRegion = en;
			hasScannedForEncodings = 0;
			knownRegions = (
				Base,
				en,
			);
			mainGroup = AF2CC496963EC7F38ED05F69;
			minimizedProjectReferenceProxies = 1;
			preferredProjectObjectVersion = 77;
			productRefGroup = 21A5A8F9061F776D20BBEA3C /* Products */;
			projectDirPath = "";
			projectRoot = "";
			targets = (
				9EFAD658491CE22729C69C68 /* FishCast */,
			);
		};
/* End PBXProject section */

/* Begin PBXResourcesBuildPhase section */
		47FB4E83159F2A1A1C337966 /* Resources */ = {
			isa = PBXResourcesBuildPhase;
			buildActionMask = 2147483647;
			files = (
				ECAF2352F4B21A87D6D9E9D2 /* Assets.xcassets in Resources */,
			);
			runOnlyForDeploymentPostprocessing = 0;
		};
/* End PBXResourcesBuildPhase section */

/* Begin PBXSourcesBuildPhase section */
		C5F8DFB289D5619913370EE3 /* Sources */ = {
			isa = PBXSourcesBuildPhase;
			buildActionMask = 2147483647;
			files = (
				187A67546C87953005DD4B56 /* AppError.swift in Sources */,
				510096FF69C4ECD15C39F1AB /* BarometricService.swift in Sources */,
				22477A7F4C7B61D38457DF57 /* Buttons.swift in Sources */,
				BC8CDB69E40E3E60CA0F6B0E /* ConditionChip.swift in Sources */,
				BBDFDD30E69E59E7EF1B2B28 /* ContentView.swift in Sources */,
				562D97BF47C6DDEF69964596 /* DashboardView.swift in Sources */,
				6B4F61B1E3484D44C1C73019 /* DesignSystem.swift in Sources */,
				1A13FC452C5D5FCBFFFD4CB8 /* FishCastApp.swift in Sources */,
				BBB89C8073F5DB156323ED79 /* FishCastCard.swift in Sources */,
				D094AB0C1F1127E13FB915AA /* ForecastView.swift in Sources */,
				C2AC6CD83837CEF250287296 /* LocationPermissionStatus.swift in Sources */,
				839AF3B071A65178CA70C85F /* LocationService.swift in Sources */,
				2E8DF7D8E43D0FED3417D5E1 /* LogView.swift in Sources */,
				D54C7FE8E7F6569D0CFCC788 /* MapView.swift in Sources */,
				78045E761503319FAA78432C /* PressureTrend.swift in Sources */,
				E06512C35AE3181485C6CE7C /* ScoreRingView.swift in Sources */,
				D4F6AFCCD41A718F491EEC83 /* SectionHeader.swift in Sources */,
				42359E5EC06A5F55912D84B4 /* SettingsView.swift in Sources */,
				22132C938614D23149C3B48D /* Weather.swift in Sources */,
				4EE6BAFFAC815E1EB8CFDC67 /* WeatherService.swift in Sources */,
			);
			runOnlyForDeploymentPostprocessing = 0;
		};
/* End PBXSourcesBuildPhase section */

/* Begin XCBuildConfiguration section */
		44B4AA8EEB03154D367E59C0 /* Release */ = {
			isa = XCBuildConfiguration;
			buildSettings = {
				ASSETCATALOG_COMPILER_APPICON_NAME = AppIcon;
				ASSETCATALOG_COMPILER_GLOBAL_ACCENT_COLOR_NAME = AccentColor;
				CODE_SIGN_IDENTITY = "iPhone Developer";
				INFOPLIST_FILE = FishCast/Info.plist;
				IPHONEOS_DEPLOYMENT_TARGET = 17.0;
				LD_RUNPATH_SEARCH_PATHS = (
					"$(inherited)",
					"@executable_path/Frameworks",
				);
				PRODUCT_BUNDLE_IDENTIFIER = com.fishcast.FishCast;
				SDKROOT = iphoneos;
				TARGETED_DEVICE_FAMILY = "1,2";
			};
			name = Release;
		};
		50E312E7E3EBF69B53030826 /* Release */ = {
			isa = XCBuildConfiguration;
			buildSettings = {
				ALWAYS_SEARCH_USER_PATHS = NO;
				CLANG_ANALYZER_NONNULL = YES;
				CLANG_ANALYZER_NUMBER_OBJECT_CONVERSION = YES_AGGRESSIVE;
				CLANG_CXX_LANGUAGE_STANDARD = "gnu++14";
				CLANG_CXX_LIBRARY = "libc++";
				CLANG_ENABLE_MODULES = YES;
				CLANG_ENABLE_OBJC_ARC = YES;
				CLANG_ENABLE_OBJC_WEAK = YES;
				CLANG_WARN_BLOCK_CAPTURE_AUTORELEASING = YES;
				CLANG_WARN_BOOL_CONVERSION = YES;
				CLANG_WARN_COMMA = YES;
				CLANG_WARN_CONSTANT_CONVERSION = YES;
				CLANG_WARN_DEPRECATED_OBJC_IMPLEMENTATIONS = YES;
				CLANG_WARN_DIRECT_OBJC_ISA_USAGE = YES_ERROR;
				CLANG_WARN_DOCUMENTATION_COMMENTS = YES;
				CLANG_WARN_EMPTY_BODY = YES;
				CLANG_WARN_ENUM_CONVERSION = YES;
				CLANG_WARN_INFINITE_RECURSION = YES;
				CLANG_WARN_INT_CONVERSION = YES;
				CLANG_WARN_NON_LITERAL_NULL_CONVERSION = YES;
				CLANG_WARN_OBJC_IMPLICIT_RETAIN_SELF = YES;
				CLANG_WARN_OBJC_LITERAL_CONVERSION = YES;
				CLANG_WARN_OBJC_ROOT_CLASS = YES_ERROR;
				CLANG_WARN_QUOTED_INCLUDE_IN_FRAMEWORK_HEADER = YES;
				CLANG_WARN_RANGE_LOOP_ANALYSIS = YES;
				CLANG_WARN_STRICT_PROTOTYPES = YES;
				CLANG_WARN_SUSPICIOUS_MOVE = YES;
				CLANG_WARN_UNGUARDED_AVAILABILITY = YES_AGGRESSIVE;
				CLANG_WARN_UNREACHABLE_CODE = YES;
				CLANG_WARN__DUPLICATE_METHOD_MATCH = YES;
				CODE_SIGN_STYLE = Automatic;
				COPY_PHASE_STRIP = NO;
				CURRENT_PROJECT_VERSION = 1;
				DEBUG_INFORMATION_FORMAT = "dwarf-with-dsym";
				DEVELOPMENT_TEAM = "";
				ENABLE_NS_ASSERTIONS = NO;
				ENABLE_PREVIEWS = YES;
				ENABLE_STRICT_OBJC_MSGSEND = YES;
				GCC_C_LANGUAGE_STANDARD = gnu11;
				GCC_NO_COMMON_BLOCKS = YES;
				GCC_WARN_64_TO_32_BIT_CONVERSION = YES;
				GCC_WARN_ABOUT_RETURN_TYPE = YES_ERROR;
				GCC_WARN_UNDECLARED_SELECTOR = YES;
				GCC_WARN_UNINITIALIZED_AUTOS = YES_AGGRESSIVE;
				GCC_WARN_UNUSED_FUNCTION = YES;
				GCC_WARN_UNUSED_VARIABLE = YES;
				MARKETING_VERSION = 1.0;
				MTL_ENABLE_DEBUG_INFO = NO;
				MTL_FAST_MATH = YES;
				PRODUCT_NAME = "$(TARGET_NAME)";
				SDKROOT = iphoneos;
				SWIFT_COMPILATION_MODE = wholemodule;
				SWIFT_OPTIMIZATION_LEVEL = "-O";
				SWIFT_VERSION = 5.10;
			};
			name = Release;
		};
		7B09BFC324057E21AD2BFBD3 /* Debug */ = {
			isa = XCBuildConfiguration;
			buildSettings = {
				ASSETCATALOG_COMPILER_APPICON_NAME = AppIcon;
				ASSETCATALOG_COMPILER_GLOBAL_ACCENT_COLOR_NAME = AccentColor;
				CODE_SIGN_IDENTITY = "iPhone Developer";
				INFOPLIST_FILE = FishCast/Info.plist;
				IPHONEOS_DEPLOYMENT_TARGET = 17.0;
				LD_RUNPATH_SEARCH_PATHS = (
					"$(inherited)",
					"@executable_path/Frameworks",
				);
				PRODUCT_BUNDLE_IDENTIFIER = com.fishcast.FishCast;
				SDKROOT = iphoneos;
				TARGETED_DEVICE_FAMILY = "1,2";
			};
			name = Debug;
		};
		BC889A11C6066D336CFFF1D4 /* Debug */ = {
			isa = XCBuildConfiguration;
			buildSettings = {
				ALWAYS_SEARCH_USER_PATHS = NO;
				CLANG_ANALYZER_NONNULL = YES;
				CLANG_ANALYZER_NUMBER_OBJECT_CONVERSION = YES_AGGRESSIVE;
				CLANG_CXX_LANGUAGE_STANDARD = "gnu++14";
				CLANG_CXX_LIBRARY = "libc++";
				CLANG_ENABLE_MODULES = YES;
				CLANG_ENABLE_OBJC_ARC = YES;
				CLANG_ENABLE_OBJC_WEAK = YES;
				CLANG_WARN_BLOCK_CAPTURE_AUTORELEASING = YES;
				CLANG_WARN_BOOL_CONVERSION = YES;
				CLANG_WARN_COMMA = YES;
				CLANG_WARN_CONSTANT_CONVERSION = YES;
				CLANG_WARN_DEPRECATED_OBJC_IMPLEMENTATIONS = YES;
				CLANG_WARN_DIRECT_OBJC_ISA_USAGE = YES_ERROR;
				CLANG_WARN_DOCUMENTATION_COMMENTS = YES;
				CLANG_WARN_EMPTY_BODY = YES;
				CLANG_WARN_ENUM_CONVERSION = YES;
				CLANG_WARN_INFINITE_RECURSION = YES;
				CLANG_WARN_INT_CONVERSION = YES;
				CLANG_WARN_NON_LITERAL_NULL_CONVERSION = YES;
				CLANG_WARN_OBJC_IMPLICIT_RETAIN_SELF = YES;
				CLANG_WARN_OBJC_LITERAL_CONVERSION = YES;
				CLANG_WARN_OBJC_ROOT_CLASS = YES_ERROR;
				CLANG_WARN_QUOTED_INCLUDE_IN_FRAMEWORK_HEADER = YES;
				CLANG_WARN_RANGE_LOOP_ANALYSIS = YES;
				CLANG_WARN_STRICT_PROTOTYPES = YES;
				CLANG_WARN_SUSPICIOUS_MOVE = YES;
				CLANG_WARN_UNGUARDED_AVAILABILITY = YES_AGGRESSIVE;
				CLANG_WARN_UNREACHABLE_CODE = YES;
				CLANG_WARN__DUPLICATE_METHOD_MATCH = YES;
				CODE_SIGN_STYLE = Automatic;
				COPY_PHASE_STRIP = NO;
				CURRENT_PROJECT_VERSION = 1;
				DEBUG_INFORMATION_FORMAT = dwarf;
				DEVELOPMENT_TEAM = "";
				ENABLE_PREVIEWS = YES;
				ENABLE_STRICT_OBJC_MSGSEND = YES;
				ENABLE_TESTABILITY = YES;
				GCC_C_LANGUAGE_STANDARD = gnu11;
				GCC_DYNAMIC_NO_PIC = NO;
				GCC_NO_COMMON_BLOCKS = YES;
				GCC_OPTIMIZATION_LEVEL = 0;
				GCC_PREPROCESSOR_DEFINITIONS = (
					"$(inherited)",
					"DEBUG=1",
				);
				GCC_WARN_64_TO_32_BIT_CONVERSION = YES;
				GCC_WARN_ABOUT_RETURN_TYPE = YES_ERROR;
				GCC_WARN_UNDECLARED_SELECTOR = YES;
				GCC_WARN_UNINITIALIZED_AUTOS = YES_AGGRESSIVE;
				GCC_WARN_UNUSED_FUNCTION = YES;
				GCC_WARN_UNUSED_VARIABLE = YES;
				MARKETING_VERSION = 1.0;
				MTL_ENABLE_DEBUG_INFO = INCLUDE_SOURCE;
				MTL_FAST_MATH = YES;
				ONLY_ACTIVE_ARCH = YES;
				PRODUCT_NAME = "$(TARGET_NAME)";
				SDKROOT = iphoneos;
				SWIFT_ACTIVE_COMPILATION_CONDITIONS = DEBUG;
				SWIFT_OPTIMIZATION_LEVEL = "-Onone";
				SWIFT_VERSION = 5.10;
			};
			name = Debug;
		};
/* End XCBuildConfiguration section */

/* Begin XCConfigurationList section */
		0D85CC4317BF91AF5B680DFF /* Build configuration list for PBXProject "FishCast" */ = {
			isa = XCConfigurationList;
			buildConfigurations = (
				BC889A11C6066D336CFFF1D4 /* Debug */,
				50E312E7E3EBF69B53030826 /* Release */,
			);
			defaultConfigurationIsVisible = 0;
			defaultConfigurationName = Debug;
		};
		E9973ECFC0F2FE4FDB5B4034 /* Build configuration list for PBXNativeTarget "FishCast" */ = {
			isa = XCConfigurationList;
			buildConfigurations = (
				7B09BFC324057E21AD2BFBD3 /* Debug */,
				44B4AA8EEB03154D367E59C0 /* Release */,
			);
			defaultConfigurationIsVisible = 0;
			defaultConfigurationName = Debug;
		};
/* End XCConfigurationList section */
	};
	rootObject = AAEEA4CAFA22CFE8CE92BE8B /* Project object */;
}
